
Microsoft Visual Studio Solution File, Format Version 12.00
# Visual Studio 15
VisualStudioVersion = 15.0.28010.2036
MinimumVisualStudioVersion = 10.0.40219.1
Project("{FAE04EC0-301F-11D3-BF4B-00C04F79EFBC}") = "basic-encrypt-data", "basic-encrypt-data\basic-encrypt-data.csproj", "{43D05AF6-65AB-461E-BA9B-546DA9F576E8}"
EndProject
Global
	GlobalSection(SolutionConfigurationPlatforms) = preSolution
		Debug|Any CPU = Debug|Any CPU
		Release|Any CPU = Release|Any CPU
	EndGlobalSection
	GlobalSection(ProjectConfigurationPlatforms) = postSolution
		{43D05AF6-65AB-461E-BA9B-546DA9F576E8}.Debug|Any CPU.ActiveCfg = Debug|Any CPU
		{43D05AF6-65AB-461E-BA9B-546DA9F576E8}.Debug|Any CPU.Build.0 = Debug|Any CPU
		{43D05AF6-65AB-461E-BA9B-546DA9F576E8}.Release|Any CPU.ActiveCfg = Release|Any CPU
		{43D05AF6-65AB-461E-BA9B-546DA9F576E8}.Release|Any CPU.Build.0 = Release|Any CPU
	EndGlobalSection
	GlobalSection(SolutionProperties) = preSolution
		HideSolutionNode = FALSE
	EndGlobalSection
	GlobalSection(ExtensibilityGlobals) = postSolution
		SolutionGuid = {1EEF78F3-4495-4915-A050-E7AA3D4E0268}
	EndGlobalSection
EndGlobal
